
Microsoft Visual Studio Solution File, Format Version 12.00
# Visual Studio 15
VisualStudioVersion = 15.0.27130.2036
MinimumVisualStudioVersion = 10.0.40219.1
Project("{FAE04EC0-301F-11D3-BF4B-00C04F79EFBC}") = "CNTK.VL.Helpers", "CNTK.VL.Helpers\CNTK.VL.Helpers.csproj", "{22CD4E5D-1BD8-40D1-9EA8-0E2B2C598D23}"
EndProject
Global
	GlobalSection(SolutionConfigurationPlatforms) = preSolution
		Debug|x64 = Debug|x64
		Release|x64 = Release|x64
	EndGlobalSection
	GlobalSection(ProjectConfigurationPlatforms) = postSolution
		{22CD4E5D-1BD8-40D1-9EA8-0E2B2C598D23}.Debug|x64.ActiveCfg = Debug|x64
		{22CD4E5D-1BD8-40D1-9EA8-0E2B2C598D23}.Debug|x64.Build.0 = Debug|x64
		{22CD4E5D-1BD8-40D1-9EA8-0E2B2C598D23}.Release|x64.ActiveCfg = Debug|x64
		{22CD4E5D-1BD8-40D1-9EA8-0E2B2C598D23}.Release|x64.Build.0 = Debug|x64
	EndGlobalSection
	GlobalSection(SolutionProperties) = preSolution
		HideSolutionNode = FALSE
	EndGlobalSection
	GlobalSection(ExtensibilityGlobals) = postSolution
		SolutionGuid = {A134546F-ECEC-4847-BDD8-01F24FFE9D87}
	EndGlobalSection
EndGlobal
